# THIS IS AN AUTOGENERATED FILE. DO NOT EDIT THIS FILE DIRECTLY.
# yarn lockfile v1


three@^0.137.5:
  version "0.137.5"
  resolved "https://registry.npmjs.org/three/-/three-0.137.5.tgz#a1e34bedd0412f2d8797112973dfadac78022ce6"
  integrity sha512-rTyr+HDFxjnN8+N/guZjDgfVxgHptZQpf6xfL/Mo7a5JYIFwK6tAq3bzxYYB4Ae0RosDZlDuP+X5aXDXz+XnHQ==
